// !$*UTF8*$!
{
	archiveVersion = 1;
	classes = {
	};
	objectVersion = 56;
	objects = {

/* Begin PBXBuildFile section */
		47D403172A08444800E786AB /* ARError.swift in Sources */ = {isa = PBXBuildFile; fileRef = 47D403162A08444800E786AB /* ARError.swift */; };
		47D403192A0AFE1900E786AB /* ARViewController+HandRecognizer.swift in Sources */ = {isa = PBXBuildFile; fileRef = 47D403182A0AFE1900E786AB /* ARViewController+HandRecognizer.swift */; };
		47D4031B2A0B0E0500E786AB /* ARModel.swift in Sources */ = {isa = PBXBuildFile; fileRef = 47D4031A2A0B0E0500E786AB /* ARModel.swift */; };
		47D4031D2A0B143C00E786AB /* QrCodeMenuView.swift in Sources */ = {isa = PBXBuildFile; fileRef = 47D4031C2A0B143C00E786AB /* QrCodeMenuView.swift */; };
		47FBAA372A00324A004DE35C /* AppDelegate.swift in Sources */ = {isa = PBXBuildFile; fileRef = 47FBAA362A00324A004DE35C /* AppDelegate.swift */; };
		47FBAA392A00324A004DE35C /* SceneDelegate.swift in Sources */ = {isa = PBXBuildFile; fileRef = 47FBAA382A00324A004DE35C /* SceneDelegate.swift */; };
		47FBAA402A00324D004DE35C /* Assets.xcassets in Resources */ = {isa = PBXBuildFile; fileRef = 47FBAA3F2A00324D004DE35C /* Assets.xcassets */; };
		47FBAA432A00324D004DE35C /* LaunchScreen.storyboard in Resources */ = {isa = PBXBuildFile; fileRef = 47FBAA412A00324D004DE35C /* LaunchScreen.storyboard */; };
		47FBAA522A0046A4004DE35C /* RecipeSelectionViewController.swift in Sources */ = {isa = PBXBuildFile; fileRef = 47FBAA512A0046A4004DE35C /* RecipeSelectionViewController.swift */; };
		47FBAA542A0047C6004DE35C /* RecipeMenuView.swift in Sources */ = {isa = PBXBuildFile; fileRef = 47FBAA532A0047C6004DE35C /* RecipeMenuView.swift */; };
		47FBAA572A0048BB004DE35C /* Recipe.swift in Sources */ = {isa = PBXBuildFile; fileRef = 47FBAA562A0048BB004DE35C /* Recipe.swift */; };
		47FBAA5E2A007E2C004DE35C /* RecipeCardView.swift in Sources */ = {isa = PBXBuildFile; fileRef = 47FBAA5D2A007E2C004DE35C /* RecipeCardView.swift */; };
		47FBAA612A01765D004DE35C /* RecipeModel.swift in Sources */ = {isa = PBXBuildFile; fileRef = 47FBAA602A01765D004DE35C /* RecipeModel.swift */; };
		47FBAA662A01C737004DE35C /* RecipeViewController.swift in Sources */ = {isa = PBXBuildFile; fileRef = 47FBAA652A01C737004DE35C /* RecipeViewController.swift */; };
		47FBAA682A0214DA004DE35C /* RecipeView.swift in Sources */ = {isa = PBXBuildFile; fileRef = 47FBAA672A0214DA004DE35C /* RecipeView.swift */; };
		47FBAA6D2A05035E004DE35C /* ARViewController.swift in Sources */ = {isa = PBXBuildFile; fileRef = 47FBAA6C2A05035E004DE35C /* ARViewController.swift */; };
/* End PBXBuildFile section */

/* Begin PBXFileReference section */
		47D403162A08444800E786AB /* ARError.swift */ = {isa = PBXFileReference; lastKnownFileType = sourcecode.swift; path = ARError.swift; sourceTree = "<group>"; };
		47D403182A0AFE1900E786AB /* ARViewController+HandRecognizer.swift */ = {isa = PBXFileReference; lastKnownFileType = sourcecode.swift; path = "ARViewController+HandRecognizer.swift"; sourceTree = "<group>"; };
		47D4031A2A0B0E0500E786AB /* ARModel.swift */ = {isa = PBXFileReference; lastKnownFileType = sourcecode.swift; path = ARModel.swift; sourceTree = "<group>"; };
		47D4031C2A0B143C00E786AB /* QrCodeMenuView.swift */ = {isa = PBXFileReference; lastKnownFileType = sourcecode.swift; path = QrCodeMenuView.swift; sourceTree = "<group>"; };
		47FBAA332A00324A004DE35C /* recipe-app.app */ = {isa = PBXFileReference; explicitFileType = wrapper.application; includeInIndex = 0; path = "recipe-app.app"; sourceTree = BUILT_PRODUCTS_DIR; };
		47FBAA362A00324A004DE35C /* AppDelegate.swift */ = {isa = PBXFileReference; lastKnownFileType = sourcecode.swift; path = AppDelegate.swift; sourceTree = "<group>"; };
		47FBAA382A00324A004DE35C /* SceneDelegate.swift */ = {isa = PBXFileReference; lastKnownFileType = sourcecode.swift; path = SceneDelegate.swift; sourceTree = "<group>"; };
		47FBAA3F2A00324D004DE35C /* Assets.xcassets */ = {isa = PBXFileReference; lastKnownFileType = folder.assetcatalog; path = Assets.xcassets; sourceTree = "<group>"; };
		47FBAA422A00324D004DE35C /* Base */ = {isa = PBXFileReference; lastKnownFileType = file.storyboard; name = Base; path = Base.lproj/LaunchScreen.storyboard; sourceTree = "<group>"; };
		47FBAA442A00324D004DE35C /* Info.plist */ = {isa = PBXFileReference; lastKnownFileType = text.plist.xml; path = Info.plist; sourceTree = "<group>"; };
		47FBAA512A0046A4004DE35C /* RecipeSelectionViewController.swift */ = {isa = PBXFileReference; lastKnownFileType = sourcecode.swift; path = RecipeSelectionViewController.swift; sourceTree = "<group>"; };
		47FBAA532A0047C6004DE35C /* RecipeMenuView.swift */ = {isa = PBXFileReference; lastKnownFileType = sourcecode.swift; path = RecipeMenuView.swift; sourceTree = "<group>"; };
		47FBAA562A0048BB004DE35C /* Recipe.swift */ = {isa = PBXFileReference; lastKnownFileType = sourcecode.swift; path = Recipe.swift; sourceTree = "<group>"; };
		47FBAA5D2A007E2C004DE35C /* RecipeCardView.swift */ = {isa = PBXFileReference; lastKnownFileType = sourcecode.swift; path = RecipeCardView.swift; sourceTree = "<group>"; };
		47FBAA602A01765D004DE35C /* RecipeModel.swift */ = {isa = PBXFileReference; lastKnownFileType = sourcecode.swift; path = RecipeModel.swift; sourceTree = "<group>"; };
		47FBAA652A01C737004DE35C /* RecipeViewController.swift */ = {isa = PBXFileReference; lastKnownFileType = sourcecode.swift; path = RecipeViewController.swift; sourceTree = "<group>"; };
		47FBAA672A0214DA004DE35C /* RecipeView.swift */ = {isa = PBXFileReference; lastKnownFileType = sourcecode.swift; path = RecipeView.swift; sourceTree = "<group>"; };
		47FBAA6C2A05035E004DE35C /* ARViewController.swift */ = {isa = PBXFileReference; lastKnownFileType = sourcecode.swift; path = ARViewController.swift; sourceTree = "<group>"; };
/* End PBXFileReference section */

/* Begin PBXFrameworksBuildPhase section */
		47FBAA302A00324A004DE35C /* Frameworks */ = {
			isa = PBXFrameworksBuildPhase;
			buildActionMask = 2147483647;
			files = (
			);
			runOnlyForDeploymentPostprocessing = 0;
		};
/* End PBXFrameworksBuildPhase section */

/* Begin PBXGroup section */
		47FBAA2A2A00324A004DE35C = {
			isa = PBXGroup;
			children = (
				47FBAA352A00324A004DE35C /* recipe-app */,
				47FBAA342A00324A004DE35C /* Products */,
			);
			sourceTree = "<group>";
		};
		47FBAA342A00324A004DE35C /* Products */ = {
			isa = PBXGroup;
			children = (
				47FBAA332A00324A004DE35C /* recipe-app.app */,
			);
			name = Products;
			sourceTree = "<group>";
		};
		47FBAA352A00324A004DE35C /* recipe-app */ = {
			isa = PBXGroup;
			children = (
				47FBAA6B2A0436EC004DE35C /* AR */,
				47FBAA5C2A007E0C004DE35C /* Views */,
				47FBAA552A0048A5004DE35C /* Models */,
				47FBAA4F2A0045E1004DE35C /* RecipeSelection */,
				47FBAA362A00324A004DE35C /* AppDelegate.swift */,
				47FBAA382A00324A004DE35C /* SceneDelegate.swift */,
				47FBAA3F2A00324D004DE35C /* Assets.xcassets */,
				47FBAA412A00324D004DE35C /* LaunchScreen.storyboard */,
				47FBAA442A00324D004DE35C /* Info.plist */,
			);
			path = "recipe-app";
			sourceTree = "<group>";
		};
		47FBAA4F2A0045E1004DE35C /* RecipeSelection */ = {
			isa = PBXGroup;
			children = (
				47FBAA502A0045FB004DE35C /* ByAuthor */,
				47FBAA512A0046A4004DE35C /* RecipeSelectionViewController.swift */,
				47FBAA652A01C737004DE35C /* RecipeViewController.swift */,
			);
			path = RecipeSelection;
			sourceTree = "<group>";
		};
		47FBAA502A0045FB004DE35C /* ByAuthor */ = {
			isa = PBXGroup;
			children = (
			);
			path = ByAuthor;
			sourceTree = "<group>";
		};
		47FBAA552A0048A5004DE35C /* Models */ = {
			isa = PBXGroup;
			children = (
				47FBAA5F2A01764B004DE35C /* Recipe */,
			);
			path = Models;
			sourceTree = "<group>";
		};
		47FBAA5C2A007E0C004DE35C /* Views */ = {
			isa = PBXGroup;
			children = (
				47FBAA532A0047C6004DE35C /* RecipeMenuView.swift */,
				47FBAA5D2A007E2C004DE35C /* RecipeCardView.swift */,
				47FBAA672A0214DA004DE35C /* RecipeView.swift */,
			);
			path = Views;
			sourceTree = "<group>";
		};
		47FBAA5F2A01764B004DE35C /* Recipe */ = {
			isa = PBXGroup;
			children = (
				47FBAA562A0048BB004DE35C /* Recipe.swift */,
				47FBAA602A01765D004DE35C /* RecipeModel.swift */,
			);
			path = Recipe;
			sourceTree = "<group>";
		};
		47FBAA6B2A0436EC004DE35C /* AR */ = {
			isa = PBXGroup;
			children = (
				47FBAA6C2A05035E004DE35C /* ARViewController.swift */,
				47D403162A08444800E786AB /* ARError.swift */,
				47D403182A0AFE1900E786AB /* ARViewController+HandRecognizer.swift */,
				47D4031A2A0B0E0500E786AB /* ARModel.swift */,
				47D4031C2A0B143C00E786AB /* QrCodeMenuView.swift */,
			);
			path = AR;
			sourceTree = "<group>";
		};
/* End PBXGroup section */

/* Begin PBXNativeTarget section */
		47FBAA322A00324A004DE35C /* recipe-app */ = {
			isa = PBXNativeTarget;
			buildConfigurationList = 47FBAA472A00324D004DE35C /* Build configuration list for PBXNativeTarget "recipe-app" */;
			buildPhases = (
				47FBAA2F2A00324A004DE35C /* Sources */,
				47FBAA302A00324A004DE35C /* Frameworks */,
				47FBAA312A00324A004DE35C /* Resources */,
			);
			buildRules = (
			);
			dependencies = (
			);
			name = "recipe-app";
			productName = "recipe-app";
			productReference = 47FBAA332A00324A004DE35C /* recipe-app.app */;
			productType = "com.apple.product-type.application";
		};
/* End PBXNativeTarget section */

/* Begin PBXProject section */
		47FBAA2B2A00324A004DE35C /* Project object */ = {
			isa = PBXProject;
			attributes = {
				BuildIndependentTargetsInParallel = 1;
				LastSwiftUpdateCheck = 1400;
				LastUpgradeCheck = 1400;
				TargetAttributes = {
					47FBAA322A00324A004DE35C = {
						CreatedOnToolsVersion = 14.0;
					};
				};
			};
			buildConfigurationList = 47FBAA2E2A00324A004DE35C /* Build configuration list for PBXProject "recipe-app" */;
			compatibilityVersion = "Xcode 14.0";
			developmentRegion = en;
			hasScannedForEncodings = 0;
			knownRegions = (
				en,
				Base,
			);
			mainGroup = 47FBAA2A2A00324A004DE35C;
			productRefGroup = 47FBAA342A00324A004DE35C /* Products */;
			projectDirPath = "";
			projectRoot = "";
			targets = (
				47FBAA322A00324A004DE35C /* recipe-app */,
			);
		};
/* End PBXProject section */

/* Begin PBXResourcesBuildPhase section */
		47FBAA312A00324A004DE35C /* Resources */ = {
			isa = PBXResourcesBuildPhase;
			buildActionMask = 2147483647;
			files = (
				47FBAA432A00324D004DE35C /* LaunchScreen.storyboard in Resources */,
				47FBAA402A00324D004DE35C /* Assets.xcassets in Resources */,
			);
			runOnlyForDeploymentPostprocessing = 0;
		};
/* End PBXResourcesBuildPhase section */

/* Begin PBXSourcesBuildPhase section */
		47FBAA2F2A00324A004DE35C /* Sources */ = {
			isa = PBXSourcesBuildPhase;
			buildActionMask = 2147483647;
			files = (
				47D403192A0AFE1900E786AB /* ARViewController+HandRecognizer.swift in Sources */,
				47FBAA522A0046A4004DE35C /* RecipeSelectionViewController.swift in Sources */,
				47FBAA572A0048BB004DE35C /* Recipe.swift in Sources */,
				47D4031D2A0B143C00E786AB /* QrCodeMenuView.swift in Sources */,
				47D403172A08444800E786AB /* ARError.swift in Sources */,
				47FBAA682A0214DA004DE35C /* RecipeView.swift in Sources */,
				47FBAA5E2A007E2C004DE35C /* RecipeCardView.swift in Sources */,
				47FBAA662A01C737004DE35C /* RecipeViewController.swift in Sources */,
				47FBAA542A0047C6004DE35C /* RecipeMenuView.swift in Sources */,
				47FBAA612A01765D004DE35C /* RecipeModel.swift in Sources */,
				47FBAA372A00324A004DE35C /* AppDelegate.swift in Sources */,
				47FBAA392A00324A004DE35C /* SceneDelegate.swift in Sources */,
				47D4031B2A0B0E0500E786AB /* ARModel.swift in Sources */,
				47FBAA6D2A05035E004DE35C /* ARViewController.swift in Sources */,
			);
			runOnlyForDeploymentPostprocessing = 0;
		};
/* End PBXSourcesBuildPhase section */

/* Begin PBXVariantGroup section */
		47FBAA412A00324D004DE35C /* LaunchScreen.storyboard */ = {
			isa = PBXVariantGroup;
			children = (
				47FBAA422A00324D004DE35C /* Base */,
			);
			name = LaunchScreen.storyboard;
			sourceTree = "<group>";
		};
/* End PBXVariantGroup section */

/* Begin XCBuildConfiguration section */
		47FBAA452A00324D004DE35C /* Debug */ = {
			isa = XCBuildConfiguration;
			buildSettings = {
				ALWAYS_SEARCH_USER_PATHS = NO;
				CLANG_ANALYZER_NONNULL = YES;
				CLANG_ANALYZER_NUMBER_OBJECT_CONVERSION = YES_AGGRESSIVE;
				CLANG_CXX_LANGUAGE_STANDARD = "gnu++20";
				CLANG_ENABLE_MODULES = YES;
				CLANG_ENABLE_OBJC_ARC = YES;
				CLANG_ENABLE_OBJC_WEAK = YES;
				CLANG_WARN_BLOCK_CAPTURE_AUTORELEASING = YES;
				CLANG_WARN_BOOL_CONVERSION = YES;
				CLANG_WARN_COMMA = YES;
				CLANG_WARN_CONSTANT_CONVERSION = YES;
				CLANG_WARN_DEPRECATED_OBJC_IMPLEMENTATIONS = YES;
				CLANG_WARN_DIRECT_OBJC_ISA_USAGE = YES_ERROR;
				CLANG_WARN_DOCUMENTATION_COMMENTS = YES;
				CLANG_WARN_EMPTY_BODY = YES;
				CLANG_WARN_ENUM_CONVERSION = YES;
				CLANG_WARN_INFINITE_RECURSION = YES;
				CLANG_WARN_INT_CONVERSION = YES;
				CLANG_WARN_NON_LITERAL_NULL_CONVERSION = YES;
				CLANG_WARN_OBJC_IMPLICIT_RETAIN_SELF = YES;
				CLANG_WARN_OBJC_LITERAL_CONVERSION = YES;
				CLANG_WARN_OBJC_ROOT_CLASS = YES_ERROR;
				CLANG_WARN_QUOTED_INCLUDE_IN_FRAMEWORK_HEADER = YES;
				CLANG_WARN_RANGE_LOOP_ANALYSIS = YES;
				CLANG_WARN_STRICT_PROTOTYPES = YES;
				CLANG_WARN_SUSPICIOUS_MOVE = YES;
				CLANG_WARN_UNGUARDED_AVAILABILITY = YES_AGGRESSIVE;
				CLANG_WARN_UNREACHABLE_CODE = YES;
				CLANG_WARN__DUPLICATE_METHOD_MATCH = YES;
				COPY_PHASE_STRIP = NO;
				DEBUG_INFORMATION_FORMAT = dwarf;
				ENABLE_STRICT_OBJC_MSGSEND = YES;
				ENABLE_TESTABILITY = YES;
				GCC_C_LANGUAGE_STANDARD = gnu11;
				GCC_DYNAMIC_NO_PIC = NO;
				GCC_NO_COMMON_BLOCKS = YES;
				GCC_OPTIMIZATION_LEVEL = 0;
				GCC_PREPROCESSOR_DEFINITIONS = (
					"DEBUG=1",
					"$(inherited)",
				);
				GCC_WARN_64_TO_32_BIT_CONVERSION = YES;
				GCC_WARN_ABOUT_RETURN_TYPE = YES_ERROR;
				GCC_WARN_UNDECLARED_SELECTOR = YES;
				GCC_WARN_UNINITIALIZED_AUTOS = YES_AGGRESSIVE;
				GCC_WARN_UNUSED_FUNCTION = YES;
				GCC_WARN_UNUSED_VARIABLE = YES;
				IPHONEOS_DEPLOYMENT_TARGET = 16.0;
				MTL_ENABLE_DEBUG_INFO = INCLUDE_SOURCE;
				MTL_FAST_MATH = YES;
				ONLY_ACTIVE_ARCH = YES;
				SDKROOT = iphoneos;
				SWIFT_ACTIVE_COMPILATION_CONDITIONS = DEBUG;
				SWIFT_OPTIMIZATION_LEVEL = "-Onone";
			};
			name = Debug;
		};
		47FBAA462A00324D004DE35C /* Release */ = {
			isa = XCBuildConfiguration;
			buildSettings = {
				ALWAYS_SEARCH_USER_PATHS = NO;
				CLANG_ANALYZER_NONNULL = YES;
				CLANG_ANALYZER_NUMBER_OBJECT_CONVERSION = YES_AGGRESSIVE;
				CLANG_CXX_LANGUAGE_STANDARD = "gnu++20";
				CLANG_ENABLE_MODULES = YES;
				CLANG_ENABLE_OBJC_ARC = YES;
				CLANG_ENABLE_OBJC_WEAK = YES;
				CLANG_WARN_BLOCK_CAPTURE_AUTORELEASING = YES;
				CLANG_WARN_BOOL_CONVERSION = YES;
				CLANG_WARN_COMMA = YES;
				CLANG_WARN_CONSTANT_CONVERSION = YES;
				CLANG_WARN_DEPRECATED_OBJC_IMPLEMENTATIONS = YES;
				CLANG_WARN_DIRECT_OBJC_ISA_USAGE = YES_ERROR;
				CLANG_WARN_DOCUMENTATION_COMMENTS = YES;
				CLANG_WARN_EMPTY_BODY = YES;
				CLANG_WARN_ENUM_CONVERSION = YES;
				CLANG_WARN_INFINITE_RECURSION = YES;
				CLANG_WARN_INT_CONVERSION = YES;
				CLANG_WARN_NON_LITERAL_NULL_CONVERSION = YES;
				CLANG_WARN_OBJC_IMPLICIT_RETAIN_SELF = YES;
				CLANG_WARN_OBJC_LITERAL_CONVERSION = YES;
				CLANG_WARN_OBJC_ROOT_CLASS = YES_ERROR;
				CLANG_WARN_QUOTED_INCLUDE_IN_FRAMEWORK_HEADER = YES;
				CLANG_WARN_RANGE_LOOP_ANALYSIS = YES;
				CLANG_WARN_STRICT_PROTOTYPES = YES;
				CLANG_WARN_SUSPICIOUS_MOVE = YES;
				CLANG_WARN_UNGUARDED_AVAILABILITY = YES_AGGRESSIVE;
				CLANG_WARN_UNREACHABLE_CODE = YES;
				CLANG_WARN__DUPLICATE_METHOD_MATCH = YES;
				COPY_PHASE_STRIP = NO;
				DEBUG_INFORMATION_FORMAT = "dwarf-with-dsym";
				ENABLE_NS_ASSERTIONS = NO;
				ENABLE_STRICT_OBJC_MSGSEND = YES;
				GCC_C_LANGUAGE_STANDARD = gnu11;
				GCC_NO_COMMON_BLOCKS = YES;
				GCC_WARN_64_TO_32_BIT_CONVERSION = YES;
				GCC_WARN_ABOUT_RETURN_TYPE = YES_ERROR;
				GCC_WARN_UNDECLARED_SELECTOR = YES;
				GCC_WARN_UNINITIALIZED_AUTOS = YES_AGGRESSIVE;
				GCC_WARN_UNUSED_FUNCTION = YES;
				GCC_WARN_UNUSED_VARIABLE = YES;
				IPHONEOS_DEPLOYMENT_TARGET = 16.0;
				MTL_ENABLE_DEBUG_INFO = NO;
				MTL_FAST_MATH = YES;
				SDKROOT = iphoneos;
				SWIFT_COMPILATION_MODE = wholemodule;
				SWIFT_OPTIMIZATION_LEVEL = "-O";
				VALIDATE_PRODUCT = YES;
			};
			name = Release;
		};
		47FBAA482A00324D004DE35C /* Debug */ = {
			isa = XCBuildConfiguration;
			buildSettings = {
				ASSETCATALOG_COMPILER_APPICON_NAME = AppIcon;
				ASSETCATALOG_COMPILER_GLOBAL_ACCENT_COLOR_NAME = AccentColor;
				CODE_SIGN_STYLE = Automatic;
				CURRENT_PROJECT_VERSION = 1;
				DEVELOPMENT_TEAM = H6ZJD73J7K;
				GENERATE_INFOPLIST_FILE = YES;
				INFOPLIST_FILE = "recipe-app/Info.plist";
				INFOPLIST_KEY_NSCameraUsageDescription = "FOR AR";
				INFOPLIST_KEY_UIApplicationSupportsIndirectInputEvents = YES;
				INFOPLIST_KEY_UILaunchStoryboardName = LaunchScreen;
				INFOPLIST_KEY_UISupportedInterfaceOrientations = UIInterfaceOrientationPortrait;
				INFOPLIST_KEY_UISupportedInterfaceOrientations_iPad = "UIInterfaceOrientationLandscapeLeft UIInterfaceOrientationLandscapeRight UIInterfaceOrientationPortrait UIInterfaceOrientationPortraitUpsideDown";
				LD_RUNPATH_SEARCH_PATHS = (
					"$(inherited)",
					"@executable_path/Frameworks",
				);
				MARKETING_VERSION = 1.0;
				PRODUCT_BUNDLE_IDENTIFIER = "mevlut-arslan.recipe-app";
				PRODUCT_NAME = "$(TARGET_NAME)";
				SUPPORTED_PLATFORMS = "iphoneos iphonesimulator";
				SUPPORTS_MACCATALYST = NO;
				SUPPORTS_MAC_DESIGNED_FOR_IPHONE_IPAD = NO;
				SWIFT_EMIT_LOC_STRINGS = YES;
				SWIFT_VERSION = 5.0;
				TARGETED_DEVICE_FAMILY = 1;
			};
			name = Debug;
		};
		47FBAA492A00324D004DE35C /* Release */ = {
			isa = XCBuildConfiguration;
			buildSettings = {
				ASSETCATALOG_COMPILER_APPICON_NAME = AppIcon;
				ASSETCATALOG_COMPILER_GLOBAL_ACCENT_COLOR_NAME = AccentColor;
				CODE_SIGN_STYLE = Automatic;
				CURRENT_PROJECT_VERSION = 1;
				DEVELOPMENT_TEAM = H6ZJD73J7K;
				GENERATE_INFOPLIST_FILE = YES;
				INFOPLIST_FILE = "recipe-app/Info.plist";
				INFOPLIST_KEY_NSCameraUsageDescription = "FOR AR";
				INFOPLIST_KEY_UIApplicationSupportsIndirectInputEvents = YES;
				INFOPLIST_KEY_UILaunchStoryboardName = LaunchScreen;
				INFOPLIST_KEY_UISupportedInterfaceOrientations = UIInterfaceOrientationPortrait;
				INFOPLIST_KEY_UISupportedInterfaceOrientations_iPad = "UIInterfaceOrientationLandscapeLeft UIInterfaceOrientationLandscapeRight UIInterfaceOrientationPortrait UIInterfaceOrientationPortraitUpsideDown";
				LD_RUNPATH_SEARCH_PATHS = (
					"$(inherited)",
					"@executable_path/Frameworks",
				);
				MARKETING_VERSION = 1.0;
				PRODUCT_BUNDLE_IDENTIFIER = "mevlut-arslan.recipe-app";
				PRODUCT_NAME = "$(TARGET_NAME)";
				SUPPORTED_PLATFORMS = "iphoneos iphonesimulator";
				SUPPORTS_MACCATALYST = NO;
				SUPPORTS_MAC_DESIGNED_FOR_IPHONE_IPAD = NO;
				SWIFT_EMIT_LOC_STRINGS = YES;
				SWIFT_VERSION = 5.0;
				TARGETED_DEVICE_FAMILY = 1;
			};
			name = Release;
		};
/* End XCBuildConfiguration section */

/* Begin XCConfigurationList section */
		47FBAA2E2A00324A004DE35C /* Build configuration list for PBXProject "recipe-app" */ = {
			isa = XCConfigurationList;
			buildConfigurations = (
				47FBAA452A00324D004DE35C /* Debug */,
				47FBAA462A00324D004DE35C /* Release */,
			);
			defaultConfigurationIsVisible = 0;
			defaultConfigurationName = Release;
		};
		47FBAA472A00324D004DE35C /* Build configuration list for PBXNativeTarget "recipe-app" */ = {
			isa = XCConfigurationList;
			buildConfigurations = (
				47FBAA482A00324D004DE35C /* Debug */,
				47FBAA492A00324D004DE35C /* Release */,
			);
			defaultConfigurationIsVisible = 0;
			defaultConfigurationName = Release;
		};
/* End XCConfigurationList section */
	};
	rootObject = 47FBAA2B2A00324A004DE35C /* Project object */;
}
